<Solution>
  <Folder Name="/Solution Items/">
    <File Path="Directory.Build.props" />
    <File Path="global.json" />
    <File Path="README.md" />
  </Folder>
  <Project Path="Meziantou.Xunit.ParallelTestFramework.Tests/Meziantou.Xunit.ParallelTestFramework.Tests.csproj" />
  <Project Path="Meziantou.Xunit.ParallelTestFramework/Meziantou.Xunit.ParallelTestFramework.csproj" />
</Solution>
